
Microsoft Visual Studio Solution File, Format Version 12.00
# Visual Studio 15
VisualStudioVersion = 15.0.28307.1169
MinimumVisualStudioVersion = 10.0.40219.1
Project("{9A19103F-16F7-4668-BE54-9A1E7A4F7556}") = "store-cash-flow-management", "store-cash-flow-management\store-cash-flow-management.csproj", "{A38289FA-88E0-4B49-9814-DCC9A914424F}"
EndProject
Project("{9A19103F-16F7-4668-BE54-9A1E7A4F7556}") = "Data", "Data\Data.csproj", "{6831B73C-8760-43E3-9DAF-DD5FBA5C9AFA}"
EndProject
Project("{9A19103F-16F7-4668-BE54-9A1E7A4F7556}") = "Services", "Services\Services.csproj", "{63522EE9-D133-4D53-BC2C-846A5CF2BE1E}"
EndProject
Project("{9A19103F-16F7-4668-BE54-9A1E7A4F7556}") = "store-cash-flow-management-admin", "store-cash-flow-management-admin\store-cash-flow-management-admin.csproj", "{D24BF92F-A6FA-472D-89BF-60E35723E225}"
EndProject
Global
	GlobalSection(SolutionConfigurationPlatforms) = preSolution
		Debug|Any CPU = Debug|Any CPU
		Release|Any CPU = Release|Any CPU
	EndGlobalSection
	GlobalSection(ProjectConfigurationPlatforms) = postSolution
		{A38289FA-88E0-4B49-9814-DCC9A914424F}.Debug|Any CPU.ActiveCfg = Debug|Any CPU
		{A38289FA-88E0-4B49-9814-DCC9A914424F}.Debug|Any CPU.Build.0 = Debug|Any CPU
		{A38289FA-88E0-4B49-9814-DCC9A914424F}.Release|Any CPU.ActiveCfg = Release|Any CPU
		{A38289FA-88E0-4B49-9814-DCC9A914424F}.Release|Any CPU.Build.0 = Release|Any CPU
		{6831B73C-8760-43E3-9DAF-DD5FBA5C9AFA}.Debug|Any CPU.ActiveCfg = Debug|Any CPU
		{6831B73C-8760-43E3-9DAF-DD5FBA5C9AFA}.Debug|Any CPU.Build.0 = Debug|Any CPU
		{6831B73C-8760-43E3-9DAF-DD5FBA5C9AFA}.Release|Any CPU.ActiveCfg = Release|Any CPU
		{6831B73C-8760-43E3-9DAF-DD5FBA5C9AFA}.Release|Any CPU.Build.0 = Release|Any CPU
		{63522EE9-D133-4D53-BC2C-846A5CF2BE1E}.Debug|Any CPU.ActiveCfg = Debug|Any CPU
		{63522EE9-D133-4D53-BC2C-846A5CF2BE1E}.Debug|Any CPU.Build.0 = Debug|Any CPU
		{63522EE9-D133-4D53-BC2C-846A5CF2BE1E}.Release|Any CPU.ActiveCfg = Release|Any CPU
		{63522EE9-D133-4D53-BC2C-846A5CF2BE1E}.Release|Any CPU.Build.0 = Release|Any CPU
		{D24BF92F-A6FA-472D-89BF-60E35723E225}.Debug|Any CPU.ActiveCfg = Debug|Any CPU
		{D24BF92F-A6FA-472D-89BF-60E35723E225}.Debug|Any CPU.Build.0 = Debug|Any CPU
		{D24BF92F-A6FA-472D-89BF-60E35723E225}.Release|Any CPU.ActiveCfg = Release|Any CPU
		{D24BF92F-A6FA-472D-89BF-60E35723E225}.Release|Any CPU.Build.0 = Release|Any CPU
	EndGlobalSection
	GlobalSection(SolutionProperties) = preSolution
		HideSolutionNode = FALSE
	EndGlobalSection
	GlobalSection(ExtensibilityGlobals) = postSolution
		SolutionGuid = {23711EDA-EBBE-4BCD-BC6C-3E5DC432714E}
	EndGlobalSection
EndGlobal
